{
  "nodes": {
    "home-manager": {
      "inputs": {
        "nixpkgs": [
          "nixpkgs"
        ]
      },
      "locked": {
        "lastModified": 1756245065,
        "narHash": "sha256-aAZNbGcWrVRZgWgkQbkabSGcDVRDMgON4BipMy69gvI=",
        "owner": "nix-community",
        "repo": "home-manager",
        "rev": "54b2879ce622d44415e727905925e21b8f833a98",
        "type": "github"
      },
      "original": {
        "owner": "nix-community",
        "ref": "release-25.05",
        "repo": "home-manager",
        "type": "github"
      }
    },
    "hypr-dynamic-cursors": {
      "inputs": {
        "hyprland": [
          "nixpkgs"
        ],
        "nixpkgs": "nixpkgs"
      },
      "locked": {
        "lastModified": 1756210238,
        "narHash": "sha256-x7yGcZ3Uu7XyknexJ44sICnv0T2hZiAFA/w71JELK4c=",
        "owner": "VirtCode",
        "repo": "hypr-dynamic-cursors",
        "rev": "106a248300838ec45f9aff68a9c5c7adab119c4e",
        "type": "github"
      },
      "original": {
        "owner": "VirtCode",
        "repo": "hypr-dynamic-cursors",
        "type": "github"
      }
    },
    "nix-flatpak": {
      "locked": {
        "lastModified": 1739444422,
        "narHash": "sha256-iAVVHi7X3kWORftY+LVbRiStRnQEob2TULWyjMS6dWg=",
        "owner": "gmodena",
        "repo": "nix-flatpak",
        "rev": "5e54c3ca05a7c7d968ae1ddeabe01d2a9bc1e177",
        "type": "github"
      },
      "original": {
        "owner": "gmodena",
        "ref": "v0.6.0",
        "repo": "nix-flatpak",
        "type": "github"
      }
    },
    "nixpkgs": {
      "locked": {
        "lastModified": 1737469691,
        "narHash": "sha256-nmKOgAU48S41dTPIXAq0AHZSehWUn6ZPrUKijHAMmIk=",
        "owner": "nixos",
        "repo": "nixpkgs",
        "rev": "9e4d5190a9482a1fb9d18adf0bdb83c6e506eaab",
        "type": "github"
      },
      "original": {
        "owner": "nixos",
        "ref": "nixos-unstable",
        "repo": "nixpkgs",
        "type": "github"
      }
    },
    "nixpkgs-stable-zen-kernel": {
      "locked": {
        "lastModified": 1737525964,
        "narHash": "sha256-3wFonKmNRWKq1himW9N3TllbeGIHFACI5vmLpk6moF8=",
        "owner": "nixos",
        "repo": "nixpkgs",
        "rev": "5757bbb8bd7c0630a0cc4bb19c47e588db30b97c",
        "type": "github"
      },
      "original": {
        "owner": "nixos",
        "repo": "nixpkgs",
        "rev": "5757bbb8bd7c0630a0cc4bb19c47e588db30b97c",
        "type": "github"
      }
    },
    "nixpkgs-unstable": {
      "locked": {
        "lastModified": 1756266583,
        "narHash": "sha256-cr748nSmpfvnhqSXPiCfUPxRz2FJnvf/RjJGvFfaCsM=",
        "owner": "nixos",
        "repo": "nixpkgs",
        "rev": "8a6d5427d99ec71c64f0b93d45778c889005d9c2",
        "type": "github"
      },
      "original": {
        "owner": "nixos",
        "ref": "nixos-unstable",
        "repo": "nixpkgs",
        "type": "github"
      }
    },
    "nixpkgs_2": {
      "locked": {
        "lastModified": 1756217674,
        "narHash": "sha256-TH1SfSP523QI7kcPiNtMAEuwZR3Jdz0MCDXPs7TS8uo=",
        "owner": "NixOS",
        "repo": "nixpkgs",
        "rev": "4e7667a90c167f7a81d906e5a75cba4ad8bee620",
        "type": "github"
      },
      "original": {
        "owner": "NixOS",
        "ref": "nixos-25.05",
        "repo": "nixpkgs",
        "type": "github"
      }
    },
    "root": {
      "inputs": {
        "home-manager": "home-manager",
        "hypr-dynamic-cursors": "hypr-dynamic-cursors",
        "nix-flatpak": "nix-flatpak",
        "nixpkgs": "nixpkgs_2",
        "nixpkgs-stable-zen-kernel": "nixpkgs-stable-zen-kernel",
        "nixpkgs-unstable": "nixpkgs-unstable"
      }
    }
  },
  "root": "root",
  "version": 7
}
